// !$*UTF8*$!
{
	archiveVersion = 1;
	classes = {
	};
	objectVersion = 46;
	objects = {

/* Begin PBXBuildFile section */
		8AD58DAC1D7D9E6D009D00A0 /* AppDelegate.swift in Sources */ = {isa = PBXBuildFile; fileRef = 8AD58DAB1D7D9E6D009D00A0 /* AppDelegate.swift */; };
		8AD58DAE1D7D9E6D009D00A0 /* MasterViewController.swift in Sources */ = {isa = PBXBuildFile; fileRef = 8AD58DAD1D7D9E6D009D00A0 /* MasterViewController.swift */; };
		8AD58DB01D7D9E6D009D00A0 /* DetailViewController.swift in Sources */ = {isa = PBXBuildFile; fileRef = 8AD58DAF1D7D9E6D009D00A0 /* DetailViewController.swift */; };
		8AD58DB31D7D9E6D009D00A0 /* Main.storyboard in Resources */ = {isa = PBXBuildFile; fileRef = 8AD58DB11D7D9E6D009D00A0 /* Main.storyboard */; };
		8AD58DB51D7D9E6D009D00A0 /* Assets.xcassets in Resources */ = {isa = PBXBuildFile; fileRef = 8AD58DB41D7D9E6D009D00A0 /* Assets.xcassets */; };
		8AD58DB81D7D9E6D009D00A0 /* LaunchScreen.storyboard in Resources */ = {isa = PBXBuildFile; fileRef = 8AD58DB61D7D9E6D009D00A0 /* LaunchScreen.storyboard */; };
		8AD58DC31D7D9E6D009D00A0 /* wxTests.swift in Sources */ = {isa = PBXBuildFile; fileRef = 8AD58DC21D7D9E6D009D00A0 /* wxTests.swift */; };
		8AD58DCE1D7D9E6D009D00A0 /* wxUITests.swift in Sources */ = {isa = PBXBuildFile; fileRef = 8AD58DCD1D7D9E6D009D00A0 /* wxUITests.swift */; };
/* End PBXBuildFile section */

/* Begin PBXContainerItemProxy section */
		8AD58DBF1D7D9E6D009D00A0 /* PBXContainerItemProxy */ = {
			isa = PBXContainerItemProxy;
			containerPortal = 8AD58DA01D7D9E6C009D00A0 /* Project object */;
			proxyType = 1;
			remoteGlobalIDString = 8AD58DA71D7D9E6D009D00A0;
			remoteInfo = wx;
		};
		8AD58DCA1D7D9E6D009D00A0 /* PBXContainerItemProxy */ = {
			isa = PBXContainerItemProxy;
			containerPortal = 8AD58DA01D7D9E6C009D00A0 /* Project object */;
			proxyType = 1;
			remoteGlobalIDString = 8AD58DA71D7D9E6D009D00A0;
			remoteInfo = wx;
		};
/* End PBXContainerItemProxy section */

/* Begin PBXFileReference section */
		8AD58DA81D7D9E6D009D00A0 /* wx.app */ = {isa = PBXFileReference; explicitFileType = wrapper.application; includeInIndex = 0; path = wx.app; sourceTree = BUILT_PRODUCTS_DIR; };
		8AD58DAB1D7D9E6D009D00A0 /* AppDelegate.swift */ = {isa = PBXFileReference; lastKnownFileType = sourcecode.swift; path = AppDelegate.swift; sourceTree = "<group>"; };
		8AD58DAD1D7D9E6D009D00A0 /* MasterViewController.swift */ = {isa = PBXFileReference; lastKnownFileType = sourcecode.swift; path = MasterViewController.swift; sourceTree = "<group>"; };
		8AD58DAF1D7D9E6D009D00A0 /* DetailViewController.swift */ = {isa = PBXFileReference; lastKnownFileType = sourcecode.swift; path = DetailViewController.swift; sourceTree = "<group>"; };
		8AD58DB21D7D9E6D009D00A0 /* Base */ = {isa = PBXFileReference; lastKnownFileType = file.storyboard; name = Base; path = Base.lproj/Main.storyboard; sourceTree = "<group>"; };
		8AD58DB41D7D9E6D009D00A0 /* Assets.xcassets */ = {isa = PBXFileReference; lastKnownFileType = folder.assetcatalog; path = Assets.xcassets; sourceTree = "<group>"; };
		8AD58DB71D7D9E6D009D00A0 /* Base */ = {isa = PBXFileReference; lastKnownFileType = file.storyboard; name = Base; path = Base.lproj/LaunchScreen.storyboard; sourceTree = "<group>"; };
		8AD58DB91D7D9E6D009D00A0 /* Info.plist */ = {isa = PBXFileReference; lastKnownFileType = text.plist.xml; path = Info.plist; sourceTree = "<group>"; };
		8AD58DBE1D7D9E6D009D00A0 /* wxTests.xctest */ = {isa = PBXFileReference; explicitFileType = wrapper.cfbundle; includeInIndex = 0; path = wxTests.xctest; sourceTree = BUILT_PRODUCTS_DIR; };
		8AD58DC21D7D9E6D009D00A0 /* wxTests.swift */ = {isa = PBXFileReference; lastKnownFileType = sourcecode.swift; path = wxTests.swift; sourceTree = "<group>"; };
		8AD58DC41D7D9E6D009D00A0 /* Info.plist */ = {isa = PBXFileReference; lastKnownFileType = text.plist.xml; path = Info.plist; sourceTree = "<group>"; };
		8AD58DC91D7D9E6D009D00A0 /* wxUITests.xctest */ = {isa = PBXFileReference; explicitFileType = wrapper.cfbundle; includeInIndex = 0; path = wxUITests.xctest; sourceTree = BUILT_PRODUCTS_DIR; };
		8AD58DCD1D7D9E6D009D00A0 /* wxUITests.swift */ = {isa = PBXFileReference; lastKnownFileType = sourcecode.swift; path = wxUITests.swift; sourceTree = "<group>"; };
		8AD58DCF1D7D9E6D009D00A0 /* Info.plist */ = {isa = PBXFileReference; lastKnownFileType = text.plist.xml; path = Info.plist; sourceTree = "<group>"; };
/* End PBXFileReference section */

/* Begin PBXFrameworksBuildPhase section */
		8AD58DA51D7D9E6D009D00A0 /* Frameworks */ = {
			isa = PBXFrameworksBuildPhase;
			buildActionMask = 2147483647;
			files = (
			);
			runOnlyForDeploymentPostprocessing = 0;
		};
		8AD58DBB1D7D9E6D009D00A0 /* Frameworks */ = {
			isa = PBXFrameworksBuildPhase;
			buildActionMask = 2147483647;
			files = (
			);
			runOnlyForDeploymentPostprocessing = 0;
		};
		8AD58DC61D7D9E6D009D00A0 /* Frameworks */ = {
			isa = PBXFrameworksBuildPhase;
			buildActionMask = 2147483647;
			files = (
			);
			runOnlyForDeploymentPostprocessing = 0;
		};
/* End PBXFrameworksBuildPhase section */

/* Begin PBXGroup section */
		8AD58D9F1D7D9E6C009D00A0 = {
			isa = PBXGroup;
			children = (
				8AD58DAA1D7D9E6D009D00A0 /* wx */,
				8AD58DC11D7D9E6D009D00A0 /* wxTests */,
				8AD58DCC1D7D9E6D009D00A0 /* wxUITests */,
				8AD58DA91D7D9E6D009D00A0 /* Products */,
			);
			sourceTree = "<group>";
		};
		8AD58DA91D7D9E6D009D00A0 /* Products */ = {
			isa = PBXGroup;
			children = (
				8AD58DA81D7D9E6D009D00A0 /* wx.app */,
				8AD58DBE1D7D9E6D009D00A0 /* wxTests.xctest */,
				8AD58DC91D7D9E6D009D00A0 /* wxUITests.xctest */,
			);
			name = Products;
			sourceTree = "<group>";
		};
		8AD58DAA1D7D9E6D009D00A0 /* wx */ = {
			isa = PBXGroup;
			children = (
				8AD58DAB1D7D9E6D009D00A0 /* AppDelegate.swift */,
				8AD58DAD1D7D9E6D009D00A0 /* MasterViewController.swift */,
				8AD58DAF1D7D9E6D009D00A0 /* DetailViewController.swift */,
				8AD58DB11D7D9E6D009D00A0 /* Main.storyboard */,
				8AD58DB41D7D9E6D009D00A0 /* Assets.xcassets */,
				8AD58DB61D7D9E6D009D00A0 /* LaunchScreen.storyboard */,
				8AD58DB91D7D9E6D009D00A0 /* Info.plist */,
			);
			path = wx;
			sourceTree = "<group>";
		};
		8AD58DC11D7D9E6D009D00A0 /* wxTests */ = {
			isa = PBXGroup;
			children = (
				8AD58DC21D7D9E6D009D00A0 /* wxTests.swift */,
				8AD58DC41D7D9E6D009D00A0 /* Info.plist */,
			);
			path = wxTests;
			sourceTree = "<group>";
		};
		8AD58DCC1D7D9E6D009D00A0 /* wxUITests */ = {
			isa = PBXGroup;
			children = (
				8AD58DCD1D7D9E6D009D00A0 /* wxUITests.swift */,
				8AD58DCF1D7D9E6D009D00A0 /* Info.plist */,
			);
			path = wxUITests;
			sourceTree = "<group>";
		};
/* End PBXGroup section */

/* Begin PBXNativeTarget section */
		8AD58DA71D7D9E6D009D00A0 /* wx */ = {
			isa = PBXNativeTarget;
			buildConfigurationList = 8AD58DD21D7D9E6D009D00A0 /* Build configuration list for PBXNativeTarget "wx" */;
			buildPhases = (
				8AD58DA41D7D9E6D009D00A0 /* Sources */,
				8AD58DA51D7D9E6D009D00A0 /* Frameworks */,
				8AD58DA61D7D9E6D009D00A0 /* Resources */,
			);
			buildRules = (
			);
			dependencies = (
			);
			name = wx;
			productName = wx;
			productReference = 8AD58DA81D7D9E6D009D00A0 /* wx.app */;
			productType = "com.apple.product-type.application";
		};
		8AD58DBD1D7D9E6D009D00A0 /* wxTests */ = {
			isa = PBXNativeTarget;
			buildConfigurationList = 8AD58DD51D7D9E6D009D00A0 /* Build configuration list for PBXNativeTarget "wxTests" */;
			buildPhases = (
				8AD58DBA1D7D9E6D009D00A0 /* Sources */,
				8AD58DBB1D7D9E6D009D00A0 /* Frameworks */,
				8AD58DBC1D7D9E6D009D00A0 /* Resources */,
			);
			buildRules = (
			);
			dependencies = (
				8AD58DC01D7D9E6D009D00A0 /* PBXTargetDependency */,
			);
			name = wxTests;
			productName = wxTests;
			productReference = 8AD58DBE1D7D9E6D009D00A0 /* wxTests.xctest */;
			productType = "com.apple.product-type.bundle.unit-test";
		};
		8AD58DC81D7D9E6D009D00A0 /* wxUITests */ = {
			isa = PBXNativeTarget;
			buildConfigurationList = 8AD58DD81D7D9E6D009D00A0 /* Build configuration list for PBXNativeTarget "wxUITests" */;
			buildPhases = (
				8AD58DC51D7D9E6D009D00A0 /* Sources */,
				8AD58DC61D7D9E6D009D00A0 /* Frameworks */,
				8AD58DC71D7D9E6D009D00A0 /* Resources */,
			);
			buildRules = (
			);
			dependencies = (
				8AD58DCB1D7D9E6D009D00A0 /* PBXTargetDependency */,
			);
			name = wxUITests;
			productName = wxUITests;
			productReference = 8AD58DC91D7D9E6D009D00A0 /* wxUITests.xctest */;
			productType = "com.apple.product-type.bundle.ui-testing";
		};
/* End PBXNativeTarget section */

/* Begin PBXProject section */
		8AD58DA01D7D9E6C009D00A0 /* Project object */ = {
			isa = PBXProject;
			attributes = {
				LastSwiftUpdateCheck = 0730;
				LastUpgradeCheck = 0730;
				ORGANIZATIONNAME = "Blue Motion Labs";
				TargetAttributes = {
					8AD58DA71D7D9E6D009D00A0 = {
						CreatedOnToolsVersion = 7.3;
					};
					8AD58DBD1D7D9E6D009D00A0 = {
						CreatedOnToolsVersion = 7.3;
						TestTargetID = 8AD58DA71D7D9E6D009D00A0;
					};
					8AD58DC81D7D9E6D009D00A0 = {
						CreatedOnToolsVersion = 7.3;
						TestTargetID = 8AD58DA71D7D9E6D009D00A0;
					};
				};
			};
			buildConfigurationList = 8AD58DA31D7D9E6C009D00A0 /* Build configuration list for PBXProject "wx" */;
			compatibilityVersion = "Xcode 3.2";
			developmentRegion = English;
			hasScannedForEncodings = 0;
			knownRegions = (
				en,
				Base,
			);
			mainGroup = 8AD58D9F1D7D9E6C009D00A0;
			productRefGroup = 8AD58DA91D7D9E6D009D00A0 /* Products */;
			projectDirPath = "";
			projectRoot = "";
			targets = (
				8AD58DA71D7D9E6D009D00A0 /* wx */,
				8AD58DBD1D7D9E6D009D00A0 /* wxTests */,
				8AD58DC81D7D9E6D009D00A0 /* wxUITests */,
			);
		};
/* End PBXProject section */

/* Begin PBXResourcesBuildPhase section */
		8AD58DA61D7D9E6D009D00A0 /* Resources */ = {
			isa = PBXResourcesBuildPhase;
			buildActionMask = 2147483647;
			files = (
				8AD58DB81D7D9E6D009D00A0 /* LaunchScreen.storyboard in Resources */,
				8AD58DB51D7D9E6D009D00A0 /* Assets.xcassets in Resources */,
				8AD58DB31D7D9E6D009D00A0 /* Main.storyboard in Resources */,
			);
			runOnlyForDeploymentPostprocessing = 0;
		};
		8AD58DBC1D7D9E6D009D00A0 /* Resources */ = {
			isa = PBXResourcesBuildPhase;
			buildActionMask = 2147483647;
			files = (
			);
			runOnlyForDeploymentPostprocessing = 0;
		};
		8AD58DC71D7D9E6D009D00A0 /* Resources */ = {
			isa = PBXResourcesBuildPhase;
			buildActionMask = 2147483647;
			files = (
			);
			runOnlyForDeploymentPostprocessing = 0;
		};
/* End PBXResourcesBuildPhase section */

/* Begin PBXSourcesBuildPhase section */
		8AD58DA41D7D9E6D009D00A0 /* Sources */ = {
			isa = PBXSourcesBuildPhase;
			buildActionMask = 2147483647;
			files = (
				8AD58DB01D7D9E6D009D00A0 /* DetailViewController.swift in Sources */,
				8AD58DAE1D7D9E6D009D00A0 /* MasterViewController.swift in Sources */,
				8AD58DAC1D7D9E6D009D00A0 /* AppDelegate.swift in Sources */,
			);
			runOnlyForDeploymentPostprocessing = 0;
		};
		8AD58DBA1D7D9E6D009D00A0 /* Sources */ = {
			isa = PBXSourcesBuildPhase;
			buildActionMask = 2147483647;
			files = (
				8AD58DC31D7D9E6D009D00A0 /* wxTests.swift in Sources */,
			);
			runOnlyForDeploymentPostprocessing = 0;
		};
		8AD58DC51D7D9E6D009D00A0 /* Sources */ = {
			isa = PBXSourcesBuildPhase;
			buildActionMask = 2147483647;
			files = (
				8AD58DCE1D7D9E6D009D00A0 /* wxUITests.swift in Sources */,
			);
			runOnlyForDeploymentPostprocessing = 0;
		};
/* End PBXSourcesBuildPhase section */

/* Begin PBXTargetDependency section */
		8AD58DC01D7D9E6D009D00A0 /* PBXTargetDependency */ = {
			isa = PBXTargetDependency;
			target = 8AD58DA71D7D9E6D009D00A0 /* wx */;
			targetProxy = 8AD58DBF1D7D9E6D009D00A0 /* PBXContainerItemProxy */;
		};
		8AD58DCB1D7D9E6D009D00A0 /* PBXTargetDependency */ = {
			isa = PBXTargetDependency;
			target = 8AD58DA71D7D9E6D009D00A0 /* wx */;
			targetProxy = 8AD58DCA1D7D9E6D009D00A0 /* PBXContainerItemProxy */;
		};
/* End PBXTargetDependency section */

/* Begin PBXVariantGroup section */
		8AD58DB11D7D9E6D009D00A0 /* Main.storyboard */ = {
			isa = PBXVariantGroup;
			children = (
				8AD58DB21D7D9E6D009D00A0 /* Base */,
			);
			name = Main.storyboard;
			sourceTree = "<group>";
		};
		8AD58DB61D7D9E6D009D00A0 /* LaunchScreen.storyboard */ = {
			isa = PBXVariantGroup;
			children = (
				8AD58DB71D7D9E6D009D00A0 /* Base */,
			);
			name = LaunchScreen.storyboard;
			sourceTree = "<group>";
		};
/* End PBXVariantGroup section */

/* Begin XCBuildConfiguration section */
		8AD58DD01D7D9E6D009D00A0 /* Debug */ = {
			isa = XCBuildConfiguration;
			buildSettings = {
				ALWAYS_SEARCH_USER_PATHS = NO;
				CLANG_ANALYZER_NONNULL = YES;
				CLANG_CXX_LANGUAGE_STANDARD = "gnu++0x";
				CLANG_CXX_LIBRARY = "libc++";
				CLANG_ENABLE_MODULES = YES;
				CLANG_ENABLE_OBJC_ARC = YES;
				CLANG_WARN_BOOL_CONVERSION = YES;
				CLANG_WARN_CONSTANT_CONVERSION = YES;
				CLANG_WARN_DIRECT_OBJC_ISA_USAGE = YES_ERROR;
				CLANG_WARN_EMPTY_BODY = YES;
				CLANG_WARN_ENUM_CONVERSION = YES;
				CLANG_WARN_INT_CONVERSION = YES;
				CLANG_WARN_OBJC_ROOT_CLASS = YES_ERROR;
				CLANG_WARN_UNREACHABLE_CODE = YES;
				CLANG_WARN__DUPLICATE_METHOD_MATCH = YES;
				"CODE_SIGN_IDENTITY[sdk=iphoneos*]" = "iPhone Developer";
				COPY_PHASE_STRIP = NO;
				DEBUG_INFORMATION_FORMAT = dwarf;
				ENABLE_STRICT_OBJC_MSGSEND = YES;
				ENABLE_TESTABILITY = YES;
				GCC_C_LANGUAGE_STANDARD = gnu99;
				GCC_DYNAMIC_NO_PIC = NO;
				GCC_NO_COMMON_BLOCKS = YES;
				GCC_OPTIMIZATION_LEVEL = 0;
				GCC_PREPROCESSOR_DEFINITIONS = (
					"DEBUG=1",
					"$(inherited)",
				);
				GCC_WARN_64_TO_32_BIT_CONVERSION = YES;
				GCC_WARN_ABOUT_RETURN_TYPE = YES_ERROR;
				GCC_WARN_UNDECLARED_SELECTOR = YES;
				GCC_WARN_UNINITIALIZED_AUTOS = YES_AGGRESSIVE;
				GCC_WARN_UNUSED_FUNCTION = YES;
				GCC_WARN_UNUSED_VARIABLE = YES;
				IPHONEOS_DEPLOYMENT_TARGET = 9.3;
				MTL_ENABLE_DEBUG_INFO = YES;
				ONLY_ACTIVE_ARCH = YES;
				SDKROOT = iphoneos;
				SWIFT_OPTIMIZATION_LEVEL = "-Onone";
				TARGETED_DEVICE_FAMILY = "1,2";
			};
			name = Debug;
		};
		8AD58DD11D7D9E6D009D00A0 /* Release */ = {
			isa = XCBuildConfiguration;
			buildSettings = {
				ALWAYS_SEARCH_USER_PATHS = NO;
				CLANG_ANALYZER_NONNULL = YES;
				CLANG_CXX_LANGUAGE_STANDARD = "gnu++0x";
				CLANG_CXX_LIBRARY = "libc++";
				CLANG_ENABLE_MODULES = YES;
				CLANG_ENABLE_OBJC_ARC = YES;
				CLANG_WARN_BOOL_CONVERSION = YES;
				CLANG_WARN_CONSTANT_CONVERSION = YES;
				CLANG_WARN_DIRECT_OBJC_ISA_USAGE = YES_ERROR;
				CLANG_WARN_EMPTY_BODY = YES;
				CLANG_WARN_ENUM_CONVERSION = YES;
				CLANG_WARN_INT_CONVERSION = YES;
				CLANG_WARN_OBJC_ROOT_CLASS = YES_ERROR;
				CLANG_WARN_UNREACHABLE_CODE = YES;
				CLANG_WARN__DUPLICATE_METHOD_MATCH = YES;
				"CODE_SIGN_IDENTITY[sdk=iphoneos*]" = "iPhone Developer";
				COPY_PHASE_STRIP = NO;
				DEBUG_INFORMATION_FORMAT = "dwarf-with-dsym";
				ENABLE_NS_ASSERTIONS = NO;
				ENABLE_STRICT_OBJC_MSGSEND = YES;
				GCC_C_LANGUAGE_STANDARD = gnu99;
				GCC_NO_COMMON_BLOCKS = YES;
				GCC_WARN_64_TO_32_BIT_CONVERSION = YES;
				GCC_WARN_ABOUT_RETURN_TYPE = YES_ERROR;
				GCC_WARN_UNDECLARED_SELECTOR = YES;
				GCC_WARN_UNINITIALIZED_AUTOS = YES_AGGRESSIVE;
				GCC_WARN_UNUSED_FUNCTION = YES;
				GCC_WARN_UNUSED_VARIABLE = YES;
				IPHONEOS_DEPLOYMENT_TARGET = 9.3;
				MTL_ENABLE_DEBUG_INFO = NO;
				SDKROOT = iphoneos;
				TARGETED_DEVICE_FAMILY = "1,2";
				VALIDATE_PRODUCT = YES;
			};
			name = Release;
		};
		8AD58DD31D7D9E6D009D00A0 /* Debug */ = {
			isa = XCBuildConfiguration;
			buildSettings = {
				ASSETCATALOG_COMPILER_APPICON_NAME = AppIcon;
				INFOPLIST_FILE = wx/Info.plist;
				LD_RUNPATH_SEARCH_PATHS = "$(inherited) @executable_path/Frameworks";
				PRODUCT_BUNDLE_IDENTIFIER = com.bluemotionlabs.wx;
				PRODUCT_NAME = "$(TARGET_NAME)";
			};
			name = Debug;
		};
		8AD58DD41D7D9E6D009D00A0 /* Release */ = {
			isa = XCBuildConfiguration;
			buildSettings = {
				ASSETCATALOG_COMPILER_APPICON_NAME = AppIcon;
				INFOPLIST_FILE = wx/Info.plist;
				LD_RUNPATH_SEARCH_PATHS = "$(inherited) @executable_path/Frameworks";
				PRODUCT_BUNDLE_IDENTIFIER = com.bluemotionlabs.wx;
				PRODUCT_NAME = "$(TARGET_NAME)";
			};
			name = Release;
		};
		8AD58DD61D7D9E6D009D00A0 /* Debug */ = {
			isa = XCBuildConfiguration;
			buildSettings = {
				BUNDLE_LOADER = "$(TEST_HOST)";
				INFOPLIST_FILE = wxTests/Info.plist;
				LD_RUNPATH_SEARCH_PATHS = "$(inherited) @executable_path/Frameworks @loader_path/Frameworks";
				PRODUCT_BUNDLE_IDENTIFIER = com.bluemotionlabs.wxTests;
				PRODUCT_NAME = "$(TARGET_NAME)";
				TEST_HOST = "$(BUILT_PRODUCTS_DIR)/wx.app/wx";
			};
			name = Debug;
		};
		8AD58DD71D7D9E6D009D00A0 /* Release */ = {
			isa = XCBuildConfiguration;
			buildSettings = {
				BUNDLE_LOADER = "$(TEST_HOST)";
				INFOPLIST_FILE = wxTests/Info.plist;
				LD_RUNPATH_SEARCH_PATHS = "$(inherited) @executable_path/Frameworks @loader_path/Frameworks";
				PRODUCT_BUNDLE_IDENTIFIER = com.bluemotionlabs.wxTests;
				PRODUCT_NAME = "$(TARGET_NAME)";
				TEST_HOST = "$(BUILT_PRODUCTS_DIR)/wx.app/wx";
			};
			name = Release;
		};
		8AD58DD91D7D9E6D009D00A0 /* Debug */ = {
			isa = XCBuildConfiguration;
			buildSettings = {
				INFOPLIST_FILE = wxUITests/Info.plist;
				LD_RUNPATH_SEARCH_PATHS = "$(inherited) @executable_path/Frameworks @loader_path/Frameworks";
				PRODUCT_BUNDLE_IDENTIFIER = com.bluemotionlabs.wxUITests;
				PRODUCT_NAME = "$(TARGET_NAME)";
				TEST_TARGET_NAME = wx;
			};
			name = Debug;
		};
		8AD58DDA1D7D9E6D009D00A0 /* Release */ = {
			isa = XCBuildConfiguration;
			buildSettings = {
				INFOPLIST_FILE = wxUITests/Info.plist;
				LD_RUNPATH_SEARCH_PATHS = "$(inherited) @executable_path/Frameworks @loader_path/Frameworks";
				PRODUCT_BUNDLE_IDENTIFIER = com.bluemotionlabs.wxUITests;
				PRODUCT_NAME = "$(TARGET_NAME)";
				TEST_TARGET_NAME = wx;
			};
			name = Release;
		};
/* End XCBuildConfiguration section */

/* Begin XCConfigurationList section */
		8AD58DA31D7D9E6C009D00A0 /* Build configuration list for PBXProject "wx" */ = {
			isa = XCConfigurationList;
			buildConfigurations = (
				8AD58DD01D7D9E6D009D00A0 /* Debug */,
				8AD58DD11D7D9E6D009D00A0 /* Release */,
			);
			defaultConfigurationIsVisible = 0;
			defaultConfigurationName = Release;
		};
		8AD58DD21D7D9E6D009D00A0 /* Build configuration list for PBXNativeTarget "wx" */ = {
			isa = XCConfigurationList;
			buildConfigurations = (
				8AD58DD31D7D9E6D009D00A0 /* Debug */,
				8AD58DD41D7D9E6D009D00A0 /* Release */,
			);
			defaultConfigurationIsVisible = 0;
		};
		8AD58DD51D7D9E6D009D00A0 /* Build configuration list for PBXNativeTarget "wxTests" */ = {
			isa = XCConfigurationList;
			buildConfigurations = (
				8AD58DD61D7D9E6D009D00A0 /* Debug */,
				8AD58DD71D7D9E6D009D00A0 /* Release */,
			);
			defaultConfigurationIsVisible = 0;
		};
		8AD58DD81D7D9E6D009D00A0 /* Build configuration list for PBXNativeTarget "wxUITests" */ = {
			isa = XCConfigurationList;
			buildConfigurations = (
				8AD58DD91D7D9E6D009D00A0 /* Debug */,
				8AD58DDA1D7D9E6D009D00A0 /* Release */,
			);
			defaultConfigurationIsVisible = 0;
		};
/* End XCConfigurationList section */
	};
	rootObject = 8AD58DA01D7D9E6C009D00A0 /* Project object */;
}
